
Microsoft Visual Studio Solution File, Format Version 12.00
# Visual Studio Version 17
VisualStudioVersion = 17.7.34031.279
MinimumVisualStudioVersion = 10.0.40219.1
Project("{FAE04EC0-301F-11D3-BF4B-00C04F79EFBC}") = "ProyectoNPiezas", "ProyectoNPiezas\ProyectoNPiezas.csproj", "{1FBA9DA8-4493-4BCA-ABC9-B56EB626D044}"
EndProject
Project("{FAE04EC0-301F-11D3-BF4B-00C04F79EFBC}") = "Piezas", "Pieza\Piezas.csproj", "{2ADCDA06-056F-4388-85D8-04726ACF9024}"
EndProject
Global
	GlobalSection(SolutionConfigurationPlatforms) = preSolution
		Debug|Any CPU = Debug|Any CPU
		Release|Any CPU = Release|Any CPU
	EndGlobalSection
	GlobalSection(ProjectConfigurationPlatforms) = postSolution
		{1FBA9DA8-4493-4BCA-ABC9-B56EB626D044}.Debug|Any CPU.ActiveCfg = Debug|Any CPU
		{1FBA9DA8-4493-4BCA-ABC9-B56EB626D044}.Debug|Any CPU.Build.0 = Debug|Any CPU
		{1FBA9DA8-4493-4BCA-ABC9-B56EB626D044}.Release|Any CPU.ActiveCfg = Release|Any CPU
		{1FBA9DA8-4493-4BCA-ABC9-B56EB626D044}.Release|Any CPU.Build.0 = Release|Any CPU
		{2ADCDA06-056F-4388-85D8-04726ACF9024}.Debug|Any CPU.ActiveCfg = Debug|Any CPU
		{2ADCDA06-056F-4388-85D8-04726ACF9024}.Debug|Any CPU.Build.0 = Debug|Any CPU
		{2ADCDA06-056F-4388-85D8-04726ACF9024}.Release|Any CPU.ActiveCfg = Release|Any CPU
		{2ADCDA06-056F-4388-85D8-04726ACF9024}.Release|Any CPU.Build.0 = Release|Any CPU
	EndGlobalSection
	GlobalSection(SolutionProperties) = preSolution
		HideSolutionNode = FALSE
	EndGlobalSection
	GlobalSection(ExtensibilityGlobals) = postSolution
		SolutionGuid = {108C0CEB-86A5-46B6-A4D3-D47E5E5F2AB8}
	EndGlobalSection
EndGlobal
